
Microsoft Visual Studio Solution File, Format Version 12.00
# Visual Studio Version 17
VisualStudioVersion = 17.8.34408.163
MinimumVisualStudioVersion = 10.0.40219.1
Project("{9A19103F-16F7-4668-BE54-9A1E7A4F7556}") = "XlsxImport", "XlsxImport\XlsxImport.csproj", "{86859F53-6882-4261-BA17-2DF267645A39}"
EndProject
Project("{2150E333-8FDC-42A3-9474-1A3956D46DE8}") = "Элементы решения", "Элементы решения", "{E5C12BFC-3162-4D0D-AD59-E4DA615450D7}"
	ProjectSection(SolutionItems) = preProject
		README.md = README.md
	EndProjectSection
EndProject
Global
	GlobalSection(SolutionConfigurationPlatforms) = preSolution
		Debug|Any CPU = Debug|Any CPU
		Release|Any CPU = Release|Any CPU
	EndGlobalSection
	GlobalSection(ProjectConfigurationPlatforms) = postSolution
		{86859F53-6882-4261-BA17-2DF267645A39}.Debug|Any CPU.ActiveCfg = Debug|Any CPU
		{86859F53-6882-4261-BA17-2DF267645A39}.Debug|Any CPU.Build.0 = Debug|Any CPU
		{86859F53-6882-4261-BA17-2DF267645A39}.Release|Any CPU.ActiveCfg = Release|Any CPU
		{86859F53-6882-4261-BA17-2DF267645A39}.Release|Any CPU.Build.0 = Release|Any CPU
	EndGlobalSection
	GlobalSection(SolutionProperties) = preSolution
		HideSolutionNode = FALSE
	EndGlobalSection
	GlobalSection(ExtensibilityGlobals) = postSolution
		SolutionGuid = {DBE74D9A-1A93-4688-84AC-E36607511C9C}
	EndGlobalSection
EndGlobal
